<Solution>
  <Project Path="ProcuLink.Api/ProcuLink.Api.csproj" />
  <Project Path="ProcuLink.Core/ProcuLink.Core.csproj" />
  <Project Path="ProcuLink.Infrastructure/ProcuLink.Infrastructure.csproj" />
  <Project Path="ProcuLink.Transform/ProcuLink.Transform.csproj" />
  <Project Path="ProcuLink.Worker/ProcuLink.Worker.csproj" />
  <Project Path="ProcuLink.Web/ProcuLink.Web.esproj">
    <Build />
    <Deploy />
  </Project>
</Solution>
