<Solution>
  <Project Path="ProcuLink.Api/ProcuLink.Api.csproj" />
  <Project Path="ProcuLink.Core/ProcuLink.Core.csproj" />
  <Project Path="ProcuLink.Infrastructure/ProcuLink.Infrastructure.csproj" />
  <Project Path="ProcuLink.Transform.Tests/ProcuLink.Transform.Tests.csproj" />
  <Project Path="ProcuLink.Transform/ProcuLink.Transform.csproj" />
  <Project Path="ProcuLink.Worker/ProcuLink.Worker.csproj" />
  <Project Path="ProcuLink.Infrastructure.Tests/ProcuLink.Infrastructure.Tests.csproj" />
  <Project Path="ProcuLink.Api.Tests/ProcuLink.Api.Tests.csproj" />
</Solution>
